
Microsoft Visual Studio Solution File, Format Version 12.00
# Visual Studio Version 17
VisualStudioVersion = 17.5.33502.453
MinimumVisualStudioVersion = 10.0.40219.1
Project("{FAE04EC0-301F-11D3-BF4B-00C04F79EFBC}") = "password-task", "password-task\password-task.csproj", "{EFD36B6E-8A16-4E9B-AECD-921FBF0DAD94}"
EndProject
Global
	GlobalSection(SolutionConfigurationPlatforms) = preSolution
		Debug|Any CPU = Debug|Any CPU
		Release|Any CPU = Release|Any CPU
	EndGlobalSection
	GlobalSection(ProjectConfigurationPlatforms) = postSolution
		{EFD36B6E-8A16-4E9B-AECD-921FBF0DAD94}.Debug|Any CPU.ActiveCfg = Debug|Any CPU
		{EFD36B6E-8A16-4E9B-AECD-921FBF0DAD94}.Debug|Any CPU.Build.0 = Debug|Any CPU
		{EFD36B6E-8A16-4E9B-AECD-921FBF0DAD94}.Release|Any CPU.ActiveCfg = Release|Any CPU
		{EFD36B6E-8A16-4E9B-AECD-921FBF0DAD94}.Release|Any CPU.Build.0 = Release|Any CPU
	EndGlobalSection
	GlobalSection(SolutionProperties) = preSolution
		HideSolutionNode = FALSE
	EndGlobalSection
	GlobalSection(ExtensibilityGlobals) = postSolution
		SolutionGuid = {C6B5DD77-8D92-4AA0-A337-06DB8119F6CA}
	EndGlobalSection
EndGlobal
